
Microsoft Visual Studio Solution File, Format Version 12.00
# Visual Studio Version 16
VisualStudioVersion = 16.0.31321.278
MinimumVisualStudioVersion = 10.0.40219.1
Project("{9A19103F-16F7-4668-BE54-9A1E7A4F7556}") = "LogFile", "LogFile\LogFile.csproj", "{96E2C5B3-8D53-4040-92BA-D62EC50C2E4C}"
EndProject
Project("{9A19103F-16F7-4668-BE54-9A1E7A4F7556}") = "LogFileTest", "LogFileTest\LogFileTest.csproj", "{ACC93AC4-2F02-4E5A-8AD2-DE507C3D0758}"
EndProject
Global
	GlobalSection(SolutionConfigurationPlatforms) = preSolution
		Debug|Any CPU = Debug|Any CPU
		Release|Any CPU = Release|Any CPU
	EndGlobalSection
	GlobalSection(ProjectConfigurationPlatforms) = postSolution
		{96E2C5B3-8D53-4040-92BA-D62EC50C2E4C}.Debug|Any CPU.ActiveCfg = Debug|Any CPU
		{96E2C5B3-8D53-4040-92BA-D62EC50C2E4C}.Debug|Any CPU.Build.0 = Debug|Any CPU
		{96E2C5B3-8D53-4040-92BA-D62EC50C2E4C}.Release|Any CPU.ActiveCfg = Release|Any CPU
		{96E2C5B3-8D53-4040-92BA-D62EC50C2E4C}.Release|Any CPU.Build.0 = Release|Any CPU
		{ACC93AC4-2F02-4E5A-8AD2-DE507C3D0758}.Debug|Any CPU.ActiveCfg = Debug|Any CPU
		{ACC93AC4-2F02-4E5A-8AD2-DE507C3D0758}.Debug|Any CPU.Build.0 = Debug|Any CPU
		{ACC93AC4-2F02-4E5A-8AD2-DE507C3D0758}.Release|Any CPU.ActiveCfg = Release|Any CPU
		{ACC93AC4-2F02-4E5A-8AD2-DE507C3D0758}.Release|Any CPU.Build.0 = Release|Any CPU
	EndGlobalSection
	GlobalSection(SolutionProperties) = preSolution
		HideSolutionNode = FALSE
	EndGlobalSection
	GlobalSection(ExtensibilityGlobals) = postSolution
		SolutionGuid = {D663D194-3F29-4F82-8BBD-3FC031525E18}
	EndGlobalSection
EndGlobal
